
Microsoft Visual Studio Solution File, Format Version 12.00
# Visual Studio Version 17
VisualStudioVersion = 17.6.33829.357
MinimumVisualStudioVersion = 10.0.40219.1
Project("{9A19103F-16F7-4668-BE54-9A1E7A4F7556}") = "NotificationService", "NotificationService\NotificationService.csproj", "{7F57FBA1-CB89-482A-9985-D39B000391B2}"
EndProject
Project("{2150E333-8FDC-42A3-9474-1A3956D46DE8}") = "Solution Items", "Solution Items", "{272BC0D2-51BF-451A-A003-A7193D52CC4C}"
	ProjectSection(SolutionItems) = preProject
		README.md = README.md
	EndProjectSection
EndProject
Global
	GlobalSection(SolutionConfigurationPlatforms) = preSolution
		Debug|Any CPU = Debug|Any CPU
		Release|Any CPU = Release|Any CPU
	EndGlobalSection
	GlobalSection(ProjectConfigurationPlatforms) = postSolution
		{7F57FBA1-CB89-482A-9985-D39B000391B2}.Debug|Any CPU.ActiveCfg = Debug|Any CPU
		{7F57FBA1-CB89-482A-9985-D39B000391B2}.Debug|Any CPU.Build.0 = Debug|Any CPU
		{7F57FBA1-CB89-482A-9985-D39B000391B2}.Release|Any CPU.ActiveCfg = Release|Any CPU
		{7F57FBA1-CB89-482A-9985-D39B000391B2}.Release|Any CPU.Build.0 = Release|Any CPU
	EndGlobalSection
	GlobalSection(SolutionProperties) = preSolution
		HideSolutionNode = FALSE
	EndGlobalSection
	GlobalSection(ExtensibilityGlobals) = postSolution
		SolutionGuid = {1CD42FC6-2C31-4C82-A74C-112F9A2026F7}
	EndGlobalSection
EndGlobal
